
Microsoft Visual Studio Solution File, Format Version 12.00
# Visual Studio Version 17
VisualStudioVersion = 17.1.32210.238
MinimumVisualStudioVersion = 10.0.40219.1
Project("{9A19103F-16F7-4668-BE54-9A1E7A4F7556}") = "Re4ExeEditor", "Re4Extractor\Re4ExeEditor.csproj", "{0AD10556-DEB7-4C50-903A-990B7475E4CB}"
EndProject
Global
	GlobalSection(SolutionConfigurationPlatforms) = preSolution
		Debug|Any CPU = Debug|Any CPU
		Release|Any CPU = Release|Any CPU
	EndGlobalSection
	GlobalSection(ProjectConfigurationPlatforms) = postSolution
		{0AD10556-DEB7-4C50-903A-990B7475E4CB}.Debug|Any CPU.ActiveCfg = Debug|Any CPU
		{0AD10556-DEB7-4C50-903A-990B7475E4CB}.Debug|Any CPU.Build.0 = Debug|Any CPU
		{0AD10556-DEB7-4C50-903A-990B7475E4CB}.Release|Any CPU.ActiveCfg = Release|Any CPU
		{0AD10556-DEB7-4C50-903A-990B7475E4CB}.Release|Any CPU.Build.0 = Release|Any CPU
	EndGlobalSection
	GlobalSection(SolutionProperties) = preSolution
		HideSolutionNode = FALSE
	EndGlobalSection
	GlobalSection(ExtensibilityGlobals) = postSolution
		SolutionGuid = {7CBAAAD4-6F8F-4ECF-ACEC-725BF8FF6DD5}
	EndGlobalSection
EndGlobal
